{
  "name": "vinzeDarkMode",
  "lockfileVersion": 2,
  "requires": true,
  "packages": {
    "": {
      "dependencies": {
        "vinzeutilities": "github:vinze-ps/vinzeUtilities"
      }
    },
    "node_modules/vinzeutilities": {
      "version": "1.0.1",
      "resolved": "git+ssh://git@github.com/vinze-ps/vinzeUtilities.git#a5c6910ba32b23923e3ce5bac9007be619f605bc",
      "license": "ISC"
    }
  },
  "dependencies": {
    "vinzeutilities": {
      "version": "git+ssh://git@github.com/vinze-ps/vinzeUtilities.git#a5c6910ba32b23923e3ce5bac9007be619f605bc",
      "from": "vinzeutilities@github:vinze-ps/vinzeUtilities"
    }
  }
}
